
Microsoft Visual Studio Solution File, Format Version 12.00
# Visual Studio Version 17
VisualStudioVersion = 17.5.002.0
MinimumVisualStudioVersion = 10.0.40219.1
Project("{9A19103F-16F7-4668-BE54-9A1E7A4F7556}") = "Sem7_Recursiya", "Sem7_Recursiya.csproj", "{8E68117E-0C1E-421F-BFCA-4C67A3182521}"
EndProject
Global
	GlobalSection(SolutionConfigurationPlatforms) = preSolution
		Debug|Any CPU = Debug|Any CPU
		Release|Any CPU = Release|Any CPU
	EndGlobalSection
	GlobalSection(ProjectConfigurationPlatforms) = postSolution
		{8E68117E-0C1E-421F-BFCA-4C67A3182521}.Debug|Any CPU.ActiveCfg = Debug|Any CPU
		{8E68117E-0C1E-421F-BFCA-4C67A3182521}.Debug|Any CPU.Build.0 = Debug|Any CPU
		{8E68117E-0C1E-421F-BFCA-4C67A3182521}.Release|Any CPU.ActiveCfg = Release|Any CPU
		{8E68117E-0C1E-421F-BFCA-4C67A3182521}.Release|Any CPU.Build.0 = Release|Any CPU
	EndGlobalSection
	GlobalSection(SolutionProperties) = preSolution
		HideSolutionNode = FALSE
	EndGlobalSection
	GlobalSection(ExtensibilityGlobals) = postSolution
		SolutionGuid = {BF61808B-620D-45D1-8197-1E24EAA244B8}
	EndGlobalSection
EndGlobal
